// !$*UTF8*$!
{
	archiveVersion = 1;
	classes = {
	};
	objectVersion = 55;
	objects = {

/* Begin PBXBuildFile section */
		C504DA9A28A2A44700626383 /* SceneDelegate.swift in Sources */ = {isa = PBXBuildFile; fileRef = C504DA9928A2A44700626383 /* SceneDelegate.swift */; };
		C52B2E0228A2996200309884 /* AppDelegate.swift in Sources */ = {isa = PBXBuildFile; fileRef = C52B2E0128A2996200309884 /* AppDelegate.swift */; };
		C52B2E0628A2996200309884 /* RandomCharacterVC.swift in Sources */ = {isa = PBXBuildFile; fileRef = C52B2E0528A2996200309884 /* RandomCharacterVC.swift */; };
		C52B2E0928A2996200309884 /* Main.storyboard in Resources */ = {isa = PBXBuildFile; fileRef = C52B2E0728A2996200309884 /* Main.storyboard */; };
		C52B2E0B28A2996400309884 /* Assets.xcassets in Resources */ = {isa = PBXBuildFile; fileRef = C52B2E0A28A2996400309884 /* Assets.xcassets */; };
		C52B2E0E28A2996400309884 /* LaunchScreen.storyboard in Resources */ = {isa = PBXBuildFile; fileRef = C52B2E0C28A2996400309884 /* LaunchScreen.storyboard */; };
		C52B2E1628A2997700309884 /* Character.swift in Sources */ = {isa = PBXBuildFile; fileRef = C52B2E1528A2997700309884 /* Character.swift */; };
		C53D407828ACCD5100F0ED9A /* TabBarVC.swift in Sources */ = {isa = PBXBuildFile; fileRef = C53D407728ACCD5100F0ED9A /* TabBarVC.swift */; };
		C5AEEBE928AE6D650061AFC7 /* FavouritesTableVC.swift in Sources */ = {isa = PBXBuildFile; fileRef = C5AEEBE828AE6D650061AFC7 /* FavouritesTableVC.swift */; };
		C5DCDDE428AE8C1000D30386 /* NetworkManager.swift in Sources */ = {isa = PBXBuildFile; fileRef = C5DCDDE328AE8C1000D30386 /* NetworkManager.swift */; };
/* End PBXBuildFile section */

/* Begin PBXFileReference section */
		C504DA9928A2A44700626383 /* SceneDelegate.swift */ = {isa = PBXFileReference; lastKnownFileType = sourcecode.swift; path = SceneDelegate.swift; sourceTree = "<group>"; };
		C52B2DFE28A2996200309884 /* JsonHW.app */ = {isa = PBXFileReference; explicitFileType = wrapper.application; includeInIndex = 0; path = JsonHW.app; sourceTree = BUILT_PRODUCTS_DIR; };
		C52B2E0128A2996200309884 /* AppDelegate.swift */ = {isa = PBXFileReference; lastKnownFileType = sourcecode.swift; path = AppDelegate.swift; sourceTree = "<group>"; };
		C52B2E0528A2996200309884 /* RandomCharacterVC.swift */ = {isa = PBXFileReference; lastKnownFileType = sourcecode.swift; path = RandomCharacterVC.swift; sourceTree = "<group>"; };
		C52B2E0828A2996200309884 /* Base */ = {isa = PBXFileReference; lastKnownFileType = file.storyboard; name = Base; path = Base.lproj/Main.storyboard; sourceTree = "<group>"; };
		C52B2E0A28A2996400309884 /* Assets.xcassets */ = {isa = PBXFileReference; lastKnownFileType = folder.assetcatalog; path = Assets.xcassets; sourceTree = "<group>"; };
		C52B2E0D28A2996400309884 /* Base */ = {isa = PBXFileReference; lastKnownFileType = file.storyboard; name = Base; path = Base.lproj/LaunchScreen.storyboard; sourceTree = "<group>"; };
		C52B2E0F28A2996400309884 /* Info.plist */ = {isa = PBXFileReference; lastKnownFileType = text.plist.xml; path = Info.plist; sourceTree = "<group>"; };
		C52B2E1528A2997700309884 /* Character.swift */ = {isa = PBXFileReference; lastKnownFileType = sourcecode.swift; path = Character.swift; sourceTree = "<group>"; };
		C53D407728ACCD5100F0ED9A /* TabBarVC.swift */ = {isa = PBXFileReference; lastKnownFileType = sourcecode.swift; path = TabBarVC.swift; sourceTree = "<group>"; };
		C5AEEBE828AE6D650061AFC7 /* FavouritesTableVC.swift */ = {isa = PBXFileReference; lastKnownFileType = sourcecode.swift; path = FavouritesTableVC.swift; sourceTree = "<group>"; };
		C5DCDDE328AE8C1000D30386 /* NetworkManager.swift */ = {isa = PBXFileReference; lastKnownFileType = sourcecode.swift; path = NetworkManager.swift; sourceTree = "<group>"; };
/* End PBXFileReference section */

/* Begin PBXFrameworksBuildPhase section */
		C52B2DFB28A2996200309884 /* Frameworks */ = {
			isa = PBXFrameworksBuildPhase;
			buildActionMask = 2147483647;
			files = (
			);
			runOnlyForDeploymentPostprocessing = 0;
		};
/* End PBXFrameworksBuildPhase section */

/* Begin PBXGroup section */
		C52B2DF528A2996200309884 = {
			isa = PBXGroup;
			children = (
				C52B2E0028A2996200309884 /* JsonHW */,
				C53D407B28ACCF5C00F0ED9A /* TabBar */,
				C52B2DFF28A2996200309884 /* Products */,
			);
			sourceTree = "<group>";
		};
		C52B2DFF28A2996200309884 /* Products */ = {
			isa = PBXGroup;
			children = (
				C52B2DFE28A2996200309884 /* JsonHW.app */,
			);
			name = Products;
			sourceTree = "<group>";
		};
		C52B2E0028A2996200309884 /* JsonHW */ = {
			isa = PBXGroup;
			children = (
				C52B2E1A28A299F700309884 /* ViewControllers */,
				C52B2E1B28A29A3000309884 /* Models */,
				C5DCDDE528AE8C1A00D30386 /* Services */,
				C52B2E1928A299D700309884 /* Storyboards */,
				C52B2E1828A299BC00309884 /* App */,
				C52B2E1728A299AA00309884 /* Resources */,
			);
			path = JsonHW;
			sourceTree = "<group>";
		};
		C52B2E1728A299AA00309884 /* Resources */ = {
			isa = PBXGroup;
			children = (
				C52B2E0A28A2996400309884 /* Assets.xcassets */,
			);
			path = Resources;
			sourceTree = "<group>";
		};
		C52B2E1828A299BC00309884 /* App */ = {
			isa = PBXGroup;
			children = (
				C52B2E0F28A2996400309884 /* Info.plist */,
				C504DA9928A2A44700626383 /* SceneDelegate.swift */,
				C52B2E0128A2996200309884 /* AppDelegate.swift */,
			);
			path = App;
			sourceTree = "<group>";
		};
		C52B2E1928A299D700309884 /* Storyboards */ = {
			isa = PBXGroup;
			children = (
				C52B2E0728A2996200309884 /* Main.storyboard */,
				C52B2E0C28A2996400309884 /* LaunchScreen.storyboard */,
			);
			path = Storyboards;
			sourceTree = "<group>";
		};
		C52B2E1A28A299F700309884 /* ViewControllers */ = {
			isa = PBXGroup;
			children = (
				C52B2E0528A2996200309884 /* RandomCharacterVC.swift */,
				C5AEEBE828AE6D650061AFC7 /* FavouritesTableVC.swift */,
			);
			path = ViewControllers;
			sourceTree = "<group>";
		};
		C52B2E1B28A29A3000309884 /* Models */ = {
			isa = PBXGroup;
			children = (
				C52B2E1528A2997700309884 /* Character.swift */,
			);
			path = Models;
			sourceTree = "<group>";
		};
		C53D407B28ACCF5C00F0ED9A /* TabBar */ = {
			isa = PBXGroup;
			children = (
				C53D407728ACCD5100F0ED9A /* TabBarVC.swift */,
			);
			path = TabBar;
			sourceTree = "<group>";
		};
		C5DCDDE528AE8C1A00D30386 /* Services */ = {
			isa = PBXGroup;
			children = (
				C5DCDDE328AE8C1000D30386 /* NetworkManager.swift */,
			);
			path = Services;
			sourceTree = "<group>";
		};
/* End PBXGroup section */

/* Begin PBXNativeTarget section */
		C52B2DFD28A2996200309884 /* JsonHW */ = {
			isa = PBXNativeTarget;
			buildConfigurationList = C52B2E1228A2996400309884 /* Build configuration list for PBXNativeTarget "JsonHW" */;
			buildPhases = (
				C52B2DFA28A2996200309884 /* Sources */,
				C52B2DFB28A2996200309884 /* Frameworks */,
				C52B2DFC28A2996200309884 /* Resources */,
			);
			buildRules = (
			);
			dependencies = (
			);
			name = JsonHW;
			productName = JsonHW;
			productReference = C52B2DFE28A2996200309884 /* JsonHW.app */;
			productType = "com.apple.product-type.application";
		};
/* End PBXNativeTarget section */

/* Begin PBXProject section */
		C52B2DF628A2996200309884 /* Project object */ = {
			isa = PBXProject;
			attributes = {
				BuildIndependentTargetsInParallel = 1;
				LastSwiftUpdateCheck = 1340;
				LastUpgradeCheck = 1340;
				TargetAttributes = {
					C52B2DFD28A2996200309884 = {
						CreatedOnToolsVersion = 13.4.1;
					};
				};
			};
			buildConfigurationList = C52B2DF928A2996200309884 /* Build configuration list for PBXProject "JsonHW" */;
			compatibilityVersion = "Xcode 13.0";
			developmentRegion = en;
			hasScannedForEncodings = 0;
			knownRegions = (
				en,
				Base,
			);
			mainGroup = C52B2DF528A2996200309884;
			productRefGroup = C52B2DFF28A2996200309884 /* Products */;
			projectDirPath = "";
			projectRoot = "";
			targets = (
				C52B2DFD28A2996200309884 /* JsonHW */,
			);
		};
/* End PBXProject section */

/* Begin PBXResourcesBuildPhase section */
		C52B2DFC28A2996200309884 /* Resources */ = {
			isa = PBXResourcesBuildPhase;
			buildActionMask = 2147483647;
			files = (
				C52B2E0E28A2996400309884 /* LaunchScreen.storyboard in Resources */,
				C52B2E0B28A2996400309884 /* Assets.xcassets in Resources */,
				C52B2E0928A2996200309884 /* Main.storyboard in Resources */,
			);
			runOnlyForDeploymentPostprocessing = 0;
		};
/* End PBXResourcesBuildPhase section */

/* Begin PBXSourcesBuildPhase section */
		C52B2DFA28A2996200309884 /* Sources */ = {
			isa = PBXSourcesBuildPhase;
			buildActionMask = 2147483647;
			files = (
				C53D407828ACCD5100F0ED9A /* TabBarVC.swift in Sources */,
				C52B2E0628A2996200309884 /* RandomCharacterVC.swift in Sources */,
				C52B2E0228A2996200309884 /* AppDelegate.swift in Sources */,
				C5DCDDE428AE8C1000D30386 /* NetworkManager.swift in Sources */,
				C5AEEBE928AE6D650061AFC7 /* FavouritesTableVC.swift in Sources */,
				C52B2E1628A2997700309884 /* Character.swift in Sources */,
				C504DA9A28A2A44700626383 /* SceneDelegate.swift in Sources */,
			);
			runOnlyForDeploymentPostprocessing = 0;
		};
/* End PBXSourcesBuildPhase section */

/* Begin PBXVariantGroup section */
		C52B2E0728A2996200309884 /* Main.storyboard */ = {
			isa = PBXVariantGroup;
			children = (
				C52B2E0828A2996200309884 /* Base */,
			);
			name = Main.storyboard;
			sourceTree = "<group>";
		};
		C52B2E0C28A2996400309884 /* LaunchScreen.storyboard */ = {
			isa = PBXVariantGroup;
			children = (
				C52B2E0D28A2996400309884 /* Base */,
			);
			name = LaunchScreen.storyboard;
			sourceTree = "<group>";
		};
/* End PBXVariantGroup section */

/* Begin XCBuildConfiguration section */
		C52B2E1028A2996400309884 /* Debug */ = {
			isa = XCBuildConfiguration;
			buildSettings = {
				ALWAYS_SEARCH_USER_PATHS = NO;
				CLANG_ANALYZER_NONNULL = YES;
				CLANG_ANALYZER_NUMBER_OBJECT_CONVERSION = YES_AGGRESSIVE;
				CLANG_CXX_LANGUAGE_STANDARD = "gnu++17";
				CLANG_ENABLE_MODULES = YES;
				CLANG_ENABLE_OBJC_ARC = YES;
				CLANG_ENABLE_OBJC_WEAK = YES;
				CLANG_WARN_BLOCK_CAPTURE_AUTORELEASING = YES;
				CLANG_WARN_BOOL_CONVERSION = YES;
				CLANG_WARN_COMMA = YES;
				CLANG_WARN_CONSTANT_CONVERSION = YES;
				CLANG_WARN_DEPRECATED_OBJC_IMPLEMENTATIONS = YES;
				CLANG_WARN_DIRECT_OBJC_ISA_USAGE = YES_ERROR;
				CLANG_WARN_DOCUMENTATION_COMMENTS = YES;
				CLANG_WARN_EMPTY_BODY = YES;
				CLANG_WARN_ENUM_CONVERSION = YES;
				CLANG_WARN_INFINITE_RECURSION = YES;
				CLANG_WARN_INT_CONVERSION = YES;
				CLANG_WARN_NON_LITERAL_NULL_CONVERSION = YES;
				CLANG_WARN_OBJC_IMPLICIT_RETAIN_SELF = YES;
				CLANG_WARN_OBJC_LITERAL_CONVERSION = YES;
				CLANG_WARN_OBJC_ROOT_CLASS = YES_ERROR;
				CLANG_WARN_QUOTED_INCLUDE_IN_FRAMEWORK_HEADER = YES;
				CLANG_WARN_RANGE_LOOP_ANALYSIS = YES;
				CLANG_WARN_STRICT_PROTOTYPES = YES;
				CLANG_WARN_SUSPICIOUS_MOVE = YES;
				CLANG_WARN_UNGUARDED_AVAILABILITY = YES_AGGRESSIVE;
				CLANG_WARN_UNREACHABLE_CODE = YES;
				CLANG_WARN__DUPLICATE_METHOD_MATCH = YES;
				COPY_PHASE_STRIP = NO;
				DEBUG_INFORMATION_FORMAT = dwarf;
				ENABLE_STRICT_OBJC_MSGSEND = YES;
				ENABLE_TESTABILITY = YES;
				GCC_C_LANGUAGE_STANDARD = gnu11;
				GCC_DYNAMIC_NO_PIC = NO;
				GCC_NO_COMMON_BLOCKS = YES;
				GCC_OPTIMIZATION_LEVEL = 0;
				GCC_PREPROCESSOR_DEFINITIONS = (
					"DEBUG=1",
					"$(inherited)",
				);
				GCC_WARN_64_TO_32_BIT_CONVERSION = YES;
				GCC_WARN_ABOUT_RETURN_TYPE = YES_ERROR;
				GCC_WARN_UNDECLARED_SELECTOR = YES;
				GCC_WARN_UNINITIALIZED_AUTOS = YES_AGGRESSIVE;
				GCC_WARN_UNUSED_FUNCTION = YES;
				GCC_WARN_UNUSED_VARIABLE = YES;
				"INFOPLIST_FILE[sdk=*]" = JsonHW/App/Info.plist;
				IPHONEOS_DEPLOYMENT_TARGET = 15.5;
				MTL_ENABLE_DEBUG_INFO = INCLUDE_SOURCE;
				MTL_FAST_MATH = YES;
				ONLY_ACTIVE_ARCH = YES;
				SDKROOT = iphoneos;
				SWIFT_ACTIVE_COMPILATION_CONDITIONS = DEBUG;
				SWIFT_OPTIMIZATION_LEVEL = "-Onone";
			};
			name = Debug;
		};
		C52B2E1128A2996400309884 /* Release */ = {
			isa = XCBuildConfiguration;
			buildSettings = {
				ALWAYS_SEARCH_USER_PATHS = NO;
				CLANG_ANALYZER_NONNULL = YES;
				CLANG_ANALYZER_NUMBER_OBJECT_CONVERSION = YES_AGGRESSIVE;
				CLANG_CXX_LANGUAGE_STANDARD = "gnu++17";
				CLANG_ENABLE_MODULES = YES;
				CLANG_ENABLE_OBJC_ARC = YES;
				CLANG_ENABLE_OBJC_WEAK = YES;
				CLANG_WARN_BLOCK_CAPTURE_AUTORELEASING = YES;
				CLANG_WARN_BOOL_CONVERSION = YES;
				CLANG_WARN_COMMA = YES;
				CLANG_WARN_CONSTANT_CONVERSION = YES;
				CLANG_WARN_DEPRECATED_OBJC_IMPLEMENTATIONS = YES;
				CLANG_WARN_DIRECT_OBJC_ISA_USAGE = YES_ERROR;
				CLANG_WARN_DOCUMENTATION_COMMENTS = YES;
				CLANG_WARN_EMPTY_BODY = YES;
				CLANG_WARN_ENUM_CONVERSION = YES;
				CLANG_WARN_INFINITE_RECURSION = YES;
				CLANG_WARN_INT_CONVERSION = YES;
				CLANG_WARN_NON_LITERAL_NULL_CONVERSION = YES;
				CLANG_WARN_OBJC_IMPLICIT_RETAIN_SELF = YES;
				CLANG_WARN_OBJC_LITERAL_CONVERSION = YES;
				CLANG_WARN_OBJC_ROOT_CLASS = YES_ERROR;
				CLANG_WARN_QUOTED_INCLUDE_IN_FRAMEWORK_HEADER = YES;
				CLANG_WARN_RANGE_LOOP_ANALYSIS = YES;
				CLANG_WARN_STRICT_PROTOTYPES = YES;
				CLANG_WARN_SUSPICIOUS_MOVE = YES;
				CLANG_WARN_UNGUARDED_AVAILABILITY = YES_AGGRESSIVE;
				CLANG_WARN_UNREACHABLE_CODE = YES;
				CLANG_WARN__DUPLICATE_METHOD_MATCH = YES;
				COPY_PHASE_STRIP = NO;
				DEBUG_INFORMATION_FORMAT = "dwarf-with-dsym";
				ENABLE_NS_ASSERTIONS = NO;
				ENABLE_STRICT_OBJC_MSGSEND = YES;
				GCC_C_LANGUAGE_STANDARD = gnu11;
				GCC_NO_COMMON_BLOCKS = YES;
				GCC_WARN_64_TO_32_BIT_CONVERSION = YES;
				GCC_WARN_ABOUT_RETURN_TYPE = YES_ERROR;
				GCC_WARN_UNDECLARED_SELECTOR = YES;
				GCC_WARN_UNINITIALIZED_AUTOS = YES_AGGRESSIVE;
				GCC_WARN_UNUSED_FUNCTION = YES;
				GCC_WARN_UNUSED_VARIABLE = YES;
				"INFOPLIST_FILE[sdk=*]" = JsonHW/App/Info.plist;
				IPHONEOS_DEPLOYMENT_TARGET = 15.5;
				MTL_ENABLE_DEBUG_INFO = NO;
				MTL_FAST_MATH = YES;
				SDKROOT = iphoneos;
				SWIFT_COMPILATION_MODE = wholemodule;
				SWIFT_OPTIMIZATION_LEVEL = "-O";
				VALIDATE_PRODUCT = YES;
			};
			name = Release;
		};
		C52B2E1328A2996400309884 /* Debug */ = {
			isa = XCBuildConfiguration;
			buildSettings = {
				ASSETCATALOG_COMPILER_APPICON_NAME = AppIcon;
				ASSETCATALOG_COMPILER_GLOBAL_ACCENT_COLOR_NAME = AccentColor;
				CODE_SIGN_STYLE = Automatic;
				CURRENT_PROJECT_VERSION = 2;
				DEVELOPMENT_TEAM = DTKBA33P3A;
				GENERATE_INFOPLIST_FILE = YES;
				INFOPLIST_FILE = JsonHW/Info.plist;
				"INFOPLIST_FILE[sdk=*]" = JsonHW/App/Info.plist;
				INFOPLIST_KEY_UIApplicationSupportsIndirectInputEvents = YES;
				INFOPLIST_KEY_UILaunchStoryboardName = LaunchScreen;
				INFOPLIST_KEY_UIMainStoryboardFile = Main;
				INFOPLIST_KEY_UISupportedInterfaceOrientations = UIInterfaceOrientationPortrait;
				INFOPLIST_KEY_UISupportedInterfaceOrientations_iPad = UIInterfaceOrientationPortrait;
				INFOPLIST_KEY_UISupportedInterfaceOrientations_iPhone = UIInterfaceOrientationPortrait;
				IPHONEOS_DEPLOYMENT_TARGET = 15.5;
				LD_RUNPATH_SEARCH_PATHS = (
					"$(inherited)",
					"@executable_path/Frameworks",
				);
				MARKETING_VERSION = 2.0;
				PRODUCT_BUNDLE_IDENTIFIER = DaniilPetrov.JsonHW;
				PRODUCT_NAME = "$(TARGET_NAME)";
				SWIFT_EMIT_LOC_STRINGS = YES;
				SWIFT_VERSION = 5.0;
				TARGETED_DEVICE_FAMILY = 1;
			};
			name = Debug;
		};
		C52B2E1428A2996400309884 /* Release */ = {
			isa = XCBuildConfiguration;
			buildSettings = {
				ASSETCATALOG_COMPILER_APPICON_NAME = AppIcon;
				ASSETCATALOG_COMPILER_GLOBAL_ACCENT_COLOR_NAME = AccentColor;
				CODE_SIGN_STYLE = Automatic;
				CURRENT_PROJECT_VERSION = 2;
				DEVELOPMENT_TEAM = DTKBA33P3A;
				GENERATE_INFOPLIST_FILE = YES;
				INFOPLIST_FILE = JsonHW/Info.plist;
				"INFOPLIST_FILE[sdk=*]" = JsonHW/App/Info.plist;
				INFOPLIST_KEY_UIApplicationSupportsIndirectInputEvents = YES;
				INFOPLIST_KEY_UILaunchStoryboardName = LaunchScreen;
				INFOPLIST_KEY_UIMainStoryboardFile = Main;
				INFOPLIST_KEY_UISupportedInterfaceOrientations = UIInterfaceOrientationPortrait;
				INFOPLIST_KEY_UISupportedInterfaceOrientations_iPad = UIInterfaceOrientationPortrait;
				INFOPLIST_KEY_UISupportedInterfaceOrientations_iPhone = UIInterfaceOrientationPortrait;
				IPHONEOS_DEPLOYMENT_TARGET = 15.5;
				LD_RUNPATH_SEARCH_PATHS = (
					"$(inherited)",
					"@executable_path/Frameworks",
				);
				MARKETING_VERSION = 2.0;
				PRODUCT_BUNDLE_IDENTIFIER = DaniilPetrov.JsonHW;
				PRODUCT_NAME = "$(TARGET_NAME)";
				SWIFT_EMIT_LOC_STRINGS = YES;
				SWIFT_VERSION = 5.0;
				TARGETED_DEVICE_FAMILY = 1;
			};
			name = Release;
		};
/* End XCBuildConfiguration section */

/* Begin XCConfigurationList section */
		C52B2DF928A2996200309884 /* Build configuration list for PBXProject "JsonHW" */ = {
			isa = XCConfigurationList;
			buildConfigurations = (
				C52B2E1028A2996400309884 /* Debug */,
				C52B2E1128A2996400309884 /* Release */,
			);
			defaultConfigurationIsVisible = 0;
			defaultConfigurationName = Release;
		};
		C52B2E1228A2996400309884 /* Build configuration list for PBXNativeTarget "JsonHW" */ = {
			isa = XCConfigurationList;
			buildConfigurations = (
				C52B2E1328A2996400309884 /* Debug */,
				C52B2E1428A2996400309884 /* Release */,
			);
			defaultConfigurationIsVisible = 0;
			defaultConfigurationName = Release;
		};
/* End XCConfigurationList section */
	};
	rootObject = C52B2DF628A2996200309884 /* Project object */;
}
